// !$*UTF8*$!
{
	archiveVersion = 1;
	classes = {
	};
	objectVersion = 51;
	objects = {

/* Begin PBXBuildFile section */
		531E7F7223A3973600599A1B /* BlockedViewController.swift in Sources */ = {isa = PBXBuildFile; fileRef = 531E7F7123A3973600599A1B /* BlockedViewController.swift */; };
		5327AC5B22EB854A00B6909B /* LoginViewController.swift in Sources */ = {isa = PBXBuildFile; fileRef = 5327AC5A22EB854A00B6909B /* LoginViewController.swift */; };
		5327AC5D22ECDCC400B6909B /* PWRViewController.swift in Sources */ = {isa = PBXBuildFile; fileRef = 5327AC5C22ECDCC400B6909B /* PWRViewController.swift */; };
		532C876322E356A500394BE7 /* GoogleService-Info.plist in Resources */ = {isa = PBXBuildFile; fileRef = 532C876222E356A400394BE7 /* GoogleService-Info.plist */; };
		533E784B2285952600121A0F /* AppDelegate.swift in Sources */ = {isa = PBXBuildFile; fileRef = 533E784A2285952600121A0F /* AppDelegate.swift */; };
		533E784D2285952600121A0F /* ViewController.swift in Sources */ = {isa = PBXBuildFile; fileRef = 533E784C2285952600121A0F /* ViewController.swift */; };
		533E78522285952800121A0F /* Assets.xcassets in Resources */ = {isa = PBXBuildFile; fileRef = 533E78512285952800121A0F /* Assets.xcassets */; };
		533E78552285952800121A0F /* LaunchScreen.storyboard in Resources */ = {isa = PBXBuildFile; fileRef = 533E78532285952800121A0F /* LaunchScreen.storyboard */; };
		533E78602285952800121A0F /* MapTests.swift in Sources */ = {isa = PBXBuildFile; fileRef = 533E785F2285952800121A0F /* MapTests.swift */; };
		533E786B2285952800121A0F /* MapUITests.swift in Sources */ = {isa = PBXBuildFile; fileRef = 533E786A2285952800121A0F /* MapUITests.swift */; };
		5340E7B922EB6B040062306E /* SignupViewController.swift in Sources */ = {isa = PBXBuildFile; fileRef = 5340E7B822EB6B040062306E /* SignupViewController.swift */; };
		534FCFEF22F04458006B1699 /* CommentViewController.swift in Sources */ = {isa = PBXBuildFile; fileRef = 534FCFEE22F04458006B1699 /* CommentViewController.swift */; };
		536070C022BCE4C300C6B282 /* Main.storyboard in Resources */ = {isa = PBXBuildFile; fileRef = 536070BF22BCE4C300C6B282 /* Main.storyboard */; };
		536070C222CF569400C6B282 /* Pin.swift in Sources */ = {isa = PBXBuildFile; fileRef = 536070C122CF569400C6B282 /* Pin.swift */; };
		536070C422CF673C00C6B282 /* ResisterViewController.swift in Sources */ = {isa = PBXBuildFile; fileRef = 536070C322CF673C00C6B282 /* ResisterViewController.swift */; };
		5371A78E22E5F628008AD16B /* EditViewController.swift in Sources */ = {isa = PBXBuildFile; fileRef = 5371A78D22E5F628008AD16B /* EditViewController.swift */; };
		53A19C3623ED63490057FBD3 /* iTunesArtwork@1x.png in Resources */ = {isa = PBXBuildFile; fileRef = 53A19C2123ED63490057FBD3 /* iTunesArtwork@1x.png */; };
		53A19C3723ED63490057FBD3 /* Icon-App-76x76@2x.png in Resources */ = {isa = PBXBuildFile; fileRef = 53A19C2323ED63490057FBD3 /* Icon-App-76x76@2x.png */; };
		53A19C3823ED63490057FBD3 /* Icon-App-29x29@1x.png in Resources */ = {isa = PBXBuildFile; fileRef = 53A19C2423ED63490057FBD3 /* Icon-App-29x29@1x.png */; };
		53A19C3923ED63490057FBD3 /* Icon-App-40x40@1x.png in Resources */ = {isa = PBXBuildFile; fileRef = 53A19C2523ED63490057FBD3 /* Icon-App-40x40@1x.png */; };
		53A19C3A23ED63490057FBD3 /* Icon-App-20x20@1x.png in Resources */ = {isa = PBXBuildFile; fileRef = 53A19C2623ED63490057FBD3 /* Icon-App-20x20@1x.png */; };
		53A19C3B23ED63490057FBD3 /* Icon-App-83.5x83.5@2x.png in Resources */ = {isa = PBXBuildFile; fileRef = 53A19C2723ED63490057FBD3 /* Icon-App-83.5x83.5@2x.png */; };
		53A19C3C23ED63490057FBD3 /* Icon-App-20x20@3x.png in Resources */ = {isa = PBXBuildFile; fileRef = 53A19C2823ED63490057FBD3 /* Icon-App-20x20@3x.png */; };
		53A19C3D23ED63490057FBD3 /* ItunesArtwork@2x.png in Resources */ = {isa = PBXBuildFile; fileRef = 53A19C2923ED63490057FBD3 /* ItunesArtwork@2x.png */; };
		53A19C3E23ED63490057FBD3 /* Contents.json in Resources */ = {isa = PBXBuildFile; fileRef = 53A19C2A23ED63490057FBD3 /* Contents.json */; };
		53A19C3F23ED63490057FBD3 /* Icon-App-20x20@2x.png in Resources */ = {isa = PBXBuildFile; fileRef = 53A19C2B23ED63490057FBD3 /* Icon-App-20x20@2x.png */; };
		53A19C4023ED63490057FBD3 /* Icon-App-29x29@3x.png in Resources */ = {isa = PBXBuildFile; fileRef = 53A19C2C23ED63490057FBD3 /* Icon-App-29x29@3x.png */; };
		53A19C4123ED63490057FBD3 /* Icon-App-40x40@2x.png in Resources */ = {isa = PBXBuildFile; fileRef = 53A19C2D23ED63490057FBD3 /* Icon-App-40x40@2x.png */; };
		53A19C4223ED63490057FBD3 /* Icon-App-60x60@3x.png in Resources */ = {isa = PBXBuildFile; fileRef = 53A19C2E23ED63490057FBD3 /* Icon-App-60x60@3x.png */; };
		53A19C4323ED63490057FBD3 /* Icon-App-60x60@2x.png in Resources */ = {isa = PBXBuildFile; fileRef = 53A19C2F23ED63490057FBD3 /* Icon-App-60x60@2x.png */; };
		53A19C4423ED63490057FBD3 /* Icon-App-76x76@1x.png in Resources */ = {isa = PBXBuildFile; fileRef = 53A19C3023ED63490057FBD3 /* Icon-App-76x76@1x.png */; };
		53A19C4523ED63490057FBD3 /* Icon-App-40x40@3x.png in Resources */ = {isa = PBXBuildFile; fileRef = 53A19C3123ED63490057FBD3 /* Icon-App-40x40@3x.png */; };
		53A19C4623ED63490057FBD3 /* Icon-App-29x29@2x.png in Resources */ = {isa = PBXBuildFile; fileRef = 53A19C3223ED63490057FBD3 /* Icon-App-29x29@2x.png */; };
		53A19C4723ED63490057FBD3 /* README.md in Resources */ = {isa = PBXBuildFile; fileRef = 53A19C3323ED63490057FBD3 /* README.md */; };
		53A19C4823ED63490057FBD3 /* iTunesArtwork@2x.png in Resources */ = {isa = PBXBuildFile; fileRef = 53A19C3423ED63490057FBD3 /* iTunesArtwork@2x.png */; };
		53A19C4923ED63490057FBD3 /* iTunesArtwork@3x.png in Resources */ = {isa = PBXBuildFile; fileRef = 53A19C3523ED63490057FBD3 /* iTunesArtwork@3x.png */; };
		53CBE9D522F2336B00CA5B11 /* OverCurrentTransitioningInteractor.swift in Sources */ = {isa = PBXBuildFile; fileRef = 53CBE9D422F2336B00CA5B11 /* OverCurrentTransitioningInteractor.swift */; };
		53CBE9D722F233CF00CA5B11 /* OverCurrentTransitionable.swift in Sources */ = {isa = PBXBuildFile; fileRef = 53CBE9D622F233CF00CA5B11 /* OverCurrentTransitionable.swift */; };
		53CBE9D922F233EB00CA5B11 /* SemiModalViewController.swift in Sources */ = {isa = PBXBuildFile; fileRef = 53CBE9D822F233EB00CA5B11 /* SemiModalViewController.swift */; };
		53CBE9DC22F3840500CA5B11 /* CustomTableViewCell.swift in Sources */ = {isa = PBXBuildFile; fileRef = 53CBE9DA22F3840500CA5B11 /* CustomTableViewCell.swift */; };
		53CBE9DD22F3840500CA5B11 /* CustomTableViewCell.xib in Resources */ = {isa = PBXBuildFile; fileRef = 53CBE9DB22F3840500CA5B11 /* CustomTableViewCell.xib */; };
		53CBE9DF22F495F200CA5B11 /* PhotoViewController.swift in Sources */ = {isa = PBXBuildFile; fileRef = 53CBE9DE22F495F200CA5B11 /* PhotoViewController.swift */; };
		53CBEA05230AD1D100CA5B11 /* ModalPresentationController.swift in Sources */ = {isa = PBXBuildFile; fileRef = 53CBEA04230AD1D100CA5B11 /* ModalPresentationController.swift */; };
		53CBEA07230B9BD200CA5B11 /* RepViewController.swift in Sources */ = {isa = PBXBuildFile; fileRef = 53CBEA06230B9BD200CA5B11 /* RepViewController.swift */; };
		53D7AE6A231931BE00F64E48 /* PrivacyViewController.swift in Sources */ = {isa = PBXBuildFile; fileRef = 53D7AE69231931BE00F64E48 /* PrivacyViewController.swift */; };
		53D7AE6C231931CB00F64E48 /* EULAViewController.swift in Sources */ = {isa = PBXBuildFile; fileRef = 53D7AE6B231931CB00F64E48 /* EULAViewController.swift */; };
		6CC847C354AEB2FB706CE739 /* Pods_MapTests.framework in Frameworks */ = {isa = PBXBuildFile; fileRef = 84B79BD1A49BC097F77FC566 /* Pods_MapTests.framework */; };
		B6BE67566A916ED232731BDA /* Pods_MapUITests.framework in Frameworks */ = {isa = PBXBuildFile; fileRef = DC185EC14CC4FFAC072FD931 /* Pods_MapUITests.framework */; };
		D8B904130385F2064EF61D82 /* Pods_Map.framework in Frameworks */ = {isa = PBXBuildFile; fileRef = 845CAD6E5EF3D3731464050D /* Pods_Map.framework */; };
/* End PBXBuildFile section */

/* Begin PBXContainerItemProxy section */
		533E785C2285952800121A0F /* PBXContainerItemProxy */ = {
			isa = PBXContainerItemProxy;
			containerPortal = 533E783F2285952600121A0F /* Project object */;
			proxyType = 1;
			remoteGlobalIDString = 533E78462285952600121A0F;
			remoteInfo = Map;
		};
		533E78672285952800121A0F /* PBXContainerItemProxy */ = {
			isa = PBXContainerItemProxy;
			containerPortal = 533E783F2285952600121A0F /* Project object */;
			proxyType = 1;
			remoteGlobalIDString = 533E78462285952600121A0F;
			remoteInfo = Map;
		};
/* End PBXContainerItemProxy section */

/* Begin PBXFileReference section */
		108860FDA6A19E5C3BA3951A /* Pods-Map.debug.xcconfig */ = {isa = PBXFileReference; includeInIndex = 1; lastKnownFileType = text.xcconfig; name = "Pods-Map.debug.xcconfig"; path = "Target Support Files/Pods-Map/Pods-Map.debug.xcconfig"; sourceTree = "<group>"; };
		50608A7CD9084274A9B93C5F /* Pods-MapUITests.release.xcconfig */ = {isa = PBXFileReference; includeInIndex = 1; lastKnownFileType = text.xcconfig; name = "Pods-MapUITests.release.xcconfig"; path = "Target Support Files/Pods-MapUITests/Pods-MapUITests.release.xcconfig"; sourceTree = "<group>"; };
		531E7F7123A3973600599A1B /* BlockedViewController.swift */ = {isa = PBXFileReference; lastKnownFileType = sourcecode.swift; path = BlockedViewController.swift; sourceTree = "<group>"; };
		5327AC5A22EB854A00B6909B /* LoginViewController.swift */ = {isa = PBXFileReference; lastKnownFileType = sourcecode.swift; path = LoginViewController.swift; sourceTree = "<group>"; };
		5327AC5C22ECDCC400B6909B /* PWRViewController.swift */ = {isa = PBXFileReference; lastKnownFileType = sourcecode.swift; path = PWRViewController.swift; sourceTree = "<group>"; };
		532C876222E356A400394BE7 /* GoogleService-Info.plist */ = {isa = PBXFileReference; fileEncoding = 4; lastKnownFileType = text.plist.xml; path = "GoogleService-Info.plist"; sourceTree = "<group>"; };
		533E78472285952600121A0F /* Arku.app */ = {isa = PBXFileReference; explicitFileType = wrapper.application; includeInIndex = 0; path = Arku.app; sourceTree = BUILT_PRODUCTS_DIR; };
		533E784A2285952600121A0F /* AppDelegate.swift */ = {isa = PBXFileReference; lastKnownFileType = sourcecode.swift; path = AppDelegate.swift; sourceTree = "<group>"; };
		533E784C2285952600121A0F /* ViewController.swift */ = {isa = PBXFileReference; lastKnownFileType = sourcecode.swift; path = ViewController.swift; sourceTree = "<group>"; };
		533E78512285952800121A0F /* Assets.xcassets */ = {isa = PBXFileReference; lastKnownFileType = folder.assetcatalog; path = Assets.xcassets; sourceTree = "<group>"; };
		533E78542285952800121A0F /* Base */ = {isa = PBXFileReference; lastKnownFileType = file.storyboard; name = Base; path = Base.lproj/LaunchScreen.storyboard; sourceTree = "<group>"; };
		533E78562285952800121A0F /* Info.plist */ = {isa = PBXFileReference; lastKnownFileType = text.plist.xml; path = Info.plist; sourceTree = "<group>"; };
		533E785B2285952800121A0F /* MapTests.xctest */ = {isa = PBXFileReference; explicitFileType = wrapper.cfbundle; includeInIndex = 0; path = MapTests.xctest; sourceTree = BUILT_PRODUCTS_DIR; };
		533E785F2285952800121A0F /* MapTests.swift */ = {isa = PBXFileReference; lastKnownFileType = sourcecode.swift; path = MapTests.swift; sourceTree = "<group>"; };
		533E78612285952800121A0F /* Info.plist */ = {isa = PBXFileReference; lastKnownFileType = text.plist.xml; path = Info.plist; sourceTree = "<group>"; };
		533E78662285952800121A0F /* MapUITests.xctest */ = {isa = PBXFileReference; explicitFileType = wrapper.cfbundle; includeInIndex = 0; path = MapUITests.xctest; sourceTree = BUILT_PRODUCTS_DIR; };
		533E786A2285952800121A0F /* MapUITests.swift */ = {isa = PBXFileReference; lastKnownFileType = sourcecode.swift; path = MapUITests.swift; sourceTree = "<group>"; };
		533E786C2285952800121A0F /* Info.plist */ = {isa = PBXFileReference; lastKnownFileType = text.plist.xml; path = Info.plist; sourceTree = "<group>"; };
		5340E7B822EB6B040062306E /* SignupViewController.swift */ = {isa = PBXFileReference; lastKnownFileType = sourcecode.swift; path = SignupViewController.swift; sourceTree = "<group>"; };
		534FCFEE22F04458006B1699 /* CommentViewController.swift */ = {isa = PBXFileReference; lastKnownFileType = sourcecode.swift; path = CommentViewController.swift; sourceTree = "<group>"; };
		536070BF22BCE4C300C6B282 /* Main.storyboard */ = {isa = PBXFileReference; lastKnownFileType = file.storyboard; path = Main.storyboard; sourceTree = "<group>"; };
		536070C122CF569400C6B282 /* Pin.swift */ = {isa = PBXFileReference; lastKnownFileType = sourcecode.swift; path = Pin.swift; sourceTree = "<group>"; };
		536070C322CF673C00C6B282 /* ResisterViewController.swift */ = {isa = PBXFileReference; lastKnownFileType = sourcecode.swift; path = ResisterViewController.swift; sourceTree = "<group>"; };
		5371A78D22E5F628008AD16B /* EditViewController.swift */ = {isa = PBXFileReference; lastKnownFileType = sourcecode.swift; path = EditViewController.swift; sourceTree = "<group>"; };
		53A19C2123ED63490057FBD3 /* iTunesArtwork@1x.png */ = {isa = PBXFileReference; lastKnownFileType = image.png; path = "iTunesArtwork@1x.png"; sourceTree = "<group>"; };
		53A19C2323ED63490057FBD3 /* Icon-App-76x76@2x.png */ = {isa = PBXFileReference; lastKnownFileType = image.png; path = "Icon-App-76x76@2x.png"; sourceTree = "<group>"; };
		53A19C2423ED63490057FBD3 /* Icon-App-29x29@1x.png */ = {isa = PBXFileReference; lastKnownFileType = image.png; path = "Icon-App-29x29@1x.png"; sourceTree = "<group>"; };
		53A19C2523ED63490057FBD3 /* Icon-App-40x40@1x.png */ = {isa = PBXFileReference; lastKnownFileType = image.png; path = "Icon-App-40x40@1x.png"; sourceTree = "<group>"; };
		53A19C2623ED63490057FBD3 /* Icon-App-20x20@1x.png */ = {isa = PBXFileReference; lastKnownFileType = image.png; path = "Icon-App-20x20@1x.png"; sourceTree = "<group>"; };
		53A19C2723ED63490057FBD3 /* Icon-App-83.5x83.5@2x.png */ = {isa = PBXFileReference; lastKnownFileType = image.png; path = "Icon-App-83.5x83.5@2x.png"; sourceTree = "<group>"; };
		53A19C2823ED63490057FBD3 /* Icon-App-20x20@3x.png */ = {isa = PBXFileReference; lastKnownFileType = image.png; path = "Icon-App-20x20@3x.png"; sourceTree = "<group>"; };
		53A19C2923ED63490057FBD3 /* ItunesArtwork@2x.png */ = {isa = PBXFileReference; lastKnownFileType = image.png; path = "ItunesArtwork@2x.png"; sourceTree = "<group>"; };
		53A19C2A23ED63490057FBD3 /* Contents.json */ = {isa = PBXFileReference; fileEncoding = 4; lastKnownFileType = text.json; path = Contents.json; sourceTree = "<group>"; };
		53A19C2B23ED63490057FBD3 /* Icon-App-20x20@2x.png */ = {isa = PBXFileReference; lastKnownFileType = image.png; path = "Icon-App-20x20@2x.png"; sourceTree = "<group>"; };
		53A19C2C23ED63490057FBD3 /* Icon-App-29x29@3x.png */ = {isa = PBXFileReference; lastKnownFileType = image.png; path = "Icon-App-29x29@3x.png"; sourceTree = "<group>"; };
		53A19C2D23ED63490057FBD3 /* Icon-App-40x40@2x.png */ = {isa = PBXFileReference; lastKnownFileType = image.png; path = "Icon-App-40x40@2x.png"; sourceTree = "<group>"; };
		53A19C2E23ED63490057FBD3 /* Icon-App-60x60@3x.png */ = {isa = PBXFileReference; lastKnownFileType = image.png; path = "Icon-App-60x60@3x.png"; sourceTree = "<group>"; };
		53A19C2F23ED63490057FBD3 /* Icon-App-60x60@2x.png */ = {isa = PBXFileReference; lastKnownFileType = image.png; path = "Icon-App-60x60@2x.png"; sourceTree = "<group>"; };
		53A19C3023ED63490057FBD3 /* Icon-App-76x76@1x.png */ = {isa = PBXFileReference; lastKnownFileType = image.png; path = "Icon-App-76x76@1x.png"; sourceTree = "<group>"; };
		53A19C3123ED63490057FBD3 /* Icon-App-40x40@3x.png */ = {isa = PBXFileReference; lastKnownFileType = image.png; path = "Icon-App-40x40@3x.png"; sourceTree = "<group>"; };
		53A19C3223ED63490057FBD3 /* Icon-App-29x29@2x.png */ = {isa = PBXFileReference; lastKnownFileType = image.png; path = "Icon-App-29x29@2x.png"; sourceTree = "<group>"; };
		53A19C3323ED63490057FBD3 /* README.md */ = {isa = PBXFileReference; fileEncoding = 4; lastKnownFileType = net.daringfireball.markdown; path = README.md; sourceTree = "<group>"; };
		53A19C3423ED63490057FBD3 /* iTunesArtwork@2x.png */ = {isa = PBXFileReference; lastKnownFileType = image.png; path = "iTunesArtwork@2x.png"; sourceTree = "<group>"; };
		53A19C3523ED63490057FBD3 /* iTunesArtwork@3x.png */ = {isa = PBXFileReference; lastKnownFileType = image.png; path = "iTunesArtwork@3x.png"; sourceTree = "<group>"; };
		53CBE9D422F2336B00CA5B11 /* OverCurrentTransitioningInteractor.swift */ = {isa = PBXFileReference; lastKnownFileType = sourcecode.swift; path = OverCurrentTransitioningInteractor.swift; sourceTree = "<group>"; };
		53CBE9D622F233CF00CA5B11 /* OverCurrentTransitionable.swift */ = {isa = PBXFileReference; lastKnownFileType = sourcecode.swift; path = OverCurrentTransitionable.swift; sourceTree = "<group>"; };
		53CBE9D822F233EB00CA5B11 /* SemiModalViewController.swift */ = {isa = PBXFileReference; lastKnownFileType = sourcecode.swift; path = SemiModalViewController.swift; sourceTree = "<group>"; };
		53CBE9DA22F3840500CA5B11 /* CustomTableViewCell.swift */ = {isa = PBXFileReference; lastKnownFileType = sourcecode.swift; path = CustomTableViewCell.swift; sourceTree = "<group>"; };
		53CBE9DB22F3840500CA5B11 /* CustomTableViewCell.xib */ = {isa = PBXFileReference; lastKnownFileType = file.xib; path = CustomTableViewCell.xib; sourceTree = "<group>"; };
		53CBE9DE22F495F200CA5B11 /* PhotoViewController.swift */ = {isa = PBXFileReference; lastKnownFileType = sourcecode.swift; path = PhotoViewController.swift; sourceTree = "<group>"; };
		53CBEA04230AD1D100CA5B11 /* ModalPresentationController.swift */ = {isa = PBXFileReference; fileEncoding = 4; lastKnownFileType = sourcecode.swift; path = ModalPresentationController.swift; sourceTree = "<group>"; };
		53CBEA06230B9BD200CA5B11 /* RepViewController.swift */ = {isa = PBXFileReference; lastKnownFileType = sourcecode.swift; path = RepViewController.swift; sourceTree = "<group>"; };
		53D7AE69231931BE00F64E48 /* PrivacyViewController.swift */ = {isa = PBXFileReference; lastKnownFileType = sourcecode.swift; path = PrivacyViewController.swift; sourceTree = "<group>"; };
		53D7AE6B231931CB00F64E48 /* EULAViewController.swift */ = {isa = PBXFileReference; lastKnownFileType = sourcecode.swift; path = EULAViewController.swift; sourceTree = "<group>"; };
		648B7F882AF7DC10FC831AE6 /* Pods-MapTests.debug.xcconfig */ = {isa = PBXFileReference; includeInIndex = 1; lastKnownFileType = text.xcconfig; name = "Pods-MapTests.debug.xcconfig"; path = "Target Support Files/Pods-MapTests/Pods-MapTests.debug.xcconfig"; sourceTree = "<group>"; };
		845CAD6E5EF3D3731464050D /* Pods_Map.framework */ = {isa = PBXFileReference; explicitFileType = wrapper.framework; includeInIndex = 0; path = Pods_Map.framework; sourceTree = BUILT_PRODUCTS_DIR; };
		84B79BD1A49BC097F77FC566 /* Pods_MapTests.framework */ = {isa = PBXFileReference; explicitFileType = wrapper.framework; includeInIndex = 0; path = Pods_MapTests.framework; sourceTree = BUILT_PRODUCTS_DIR; };
		97B3204342CC296288412F88 /* Pods-MapUITests.debug.xcconfig */ = {isa = PBXFileReference; includeInIndex = 1; lastKnownFileType = text.xcconfig; name = "Pods-MapUITests.debug.xcconfig"; path = "Target Support Files/Pods-MapUITests/Pods-MapUITests.debug.xcconfig"; sourceTree = "<group>"; };
		9E5103B6FCF7F36B582D82F3 /* Pods-MapTests.release.xcconfig */ = {isa = PBXFileReference; includeInIndex = 1; lastKnownFileType = text.xcconfig; name = "Pods-MapTests.release.xcconfig"; path = "Target Support Files/Pods-MapTests/Pods-MapTests.release.xcconfig"; sourceTree = "<group>"; };
		C766DFE6C3684F57085130CD /* Pods-Map.release.xcconfig */ = {isa = PBXFileReference; includeInIndex = 1; lastKnownFileType = text.xcconfig; name = "Pods-Map.release.xcconfig"; path = "Target Support Files/Pods-Map/Pods-Map.release.xcconfig"; sourceTree = "<group>"; };
		DC185EC14CC4FFAC072FD931 /* Pods_MapUITests.framework */ = {isa = PBXFileReference; explicitFileType = wrapper.framework; includeInIndex = 0; path = Pods_MapUITests.framework; sourceTree = BUILT_PRODUCTS_DIR; };
/* End PBXFileReference section */

/* Begin PBXFrameworksBuildPhase section */
		533E78442285952600121A0F /* Frameworks */ = {
			isa = PBXFrameworksBuildPhase;
			buildActionMask = 2147483647;
			files = (
				D8B904130385F2064EF61D82 /* Pods_Map.framework in Frameworks */,
			);
			runOnlyForDeploymentPostprocessing = 0;
		};
		533E78582285952800121A0F /* Frameworks */ = {
			isa = PBXFrameworksBuildPhase;
			buildActionMask = 2147483647;
			files = (
				6CC847C354AEB2FB706CE739 /* Pods_MapTests.framework in Frameworks */,
			);
			runOnlyForDeploymentPostprocessing = 0;
		};
		533E78632285952800121A0F /* Frameworks */ = {
			isa = PBXFrameworksBuildPhase;
			buildActionMask = 2147483647;
			files = (
				B6BE67566A916ED232731BDA /* Pods_MapUITests.framework in Frameworks */,
			);
			runOnlyForDeploymentPostprocessing = 0;
		};
/* End PBXFrameworksBuildPhase section */

/* Begin PBXGroup section */
		533E783E2285952600121A0F = {
			isa = PBXGroup;
			children = (
				533E78492285952600121A0F /* Map */,
				533E785E2285952800121A0F /* MapTests */,
				533E78692285952800121A0F /* MapUITests */,
				533E78482285952600121A0F /* Products */,
				DA9035F7D3F4FEA29D0BFCB2 /* Pods */,
				C0CECF544E804763EFE7A5A0 /* Frameworks */,
			);
			sourceTree = "<group>";
		};
		533E78482285952600121A0F /* Products */ = {
			isa = PBXGroup;
			children = (
				533E78472285952600121A0F /* Arku.app */,
				533E785B2285952800121A0F /* MapTests.xctest */,
				533E78662285952800121A0F /* MapUITests.xctest */,
			);
			name = Products;
			sourceTree = "<group>";
		};
		533E78492285952600121A0F /* Map */ = {
			isa = PBXGroup;
			children = (
				53A19C2023ED63490057FBD3 /* ios */,
				532C876222E356A400394BE7 /* GoogleService-Info.plist */,
				533E784A2285952600121A0F /* AppDelegate.swift */,
				533E784C2285952600121A0F /* ViewController.swift */,
				536070C122CF569400C6B282 /* Pin.swift */,
				536070BF22BCE4C300C6B282 /* Main.storyboard */,
				536070C322CF673C00C6B282 /* ResisterViewController.swift */,
				533E78512285952800121A0F /* Assets.xcassets */,
				533E78532285952800121A0F /* LaunchScreen.storyboard */,
				533E78562285952800121A0F /* Info.plist */,
				5371A78D22E5F628008AD16B /* EditViewController.swift */,
				5340E7B822EB6B040062306E /* SignupViewController.swift */,
				5327AC5A22EB854A00B6909B /* LoginViewController.swift */,
				5327AC5C22ECDCC400B6909B /* PWRViewController.swift */,
				534FCFEE22F04458006B1699 /* CommentViewController.swift */,
				53CBEA04230AD1D100CA5B11 /* ModalPresentationController.swift */,
				53CBE9D422F2336B00CA5B11 /* OverCurrentTransitioningInteractor.swift */,
				53CBE9D622F233CF00CA5B11 /* OverCurrentTransitionable.swift */,
				53CBE9D822F233EB00CA5B11 /* SemiModalViewController.swift */,
				53CBE9DA22F3840500CA5B11 /* CustomTableViewCell.swift */,
				53CBE9DB22F3840500CA5B11 /* CustomTableViewCell.xib */,
				53CBE9DE22F495F200CA5B11 /* PhotoViewController.swift */,
				53CBEA06230B9BD200CA5B11 /* RepViewController.swift */,
				53D7AE69231931BE00F64E48 /* PrivacyViewController.swift */,
				53D7AE6B231931CB00F64E48 /* EULAViewController.swift */,
				531E7F7123A3973600599A1B /* BlockedViewController.swift */,
			);
			path = Map;
			sourceTree = "<group>";
		};
		533E785E2285952800121A0F /* MapTests */ = {
			isa = PBXGroup;
			children = (
				533E785F2285952800121A0F /* MapTests.swift */,
				533E78612285952800121A0F /* Info.plist */,
			);
			path = MapTests;
			sourceTree = "<group>";
		};
		533E78692285952800121A0F /* MapUITests */ = {
			isa = PBXGroup;
			children = (
				533E786A2285952800121A0F /* MapUITests.swift */,
				533E786C2285952800121A0F /* Info.plist */,
			);
			path = MapUITests;
			sourceTree = "<group>";
		};
		53A19C2023ED63490057FBD3 /* ios */ = {
			isa = PBXGroup;
			children = (
				53A19C2123ED63490057FBD3 /* iTunesArtwork@1x.png */,
				53A19C2223ED63490057FBD3 /* AppIcon.appiconset */,
				53A19C3323ED63490057FBD3 /* README.md */,
				53A19C3423ED63490057FBD3 /* iTunesArtwork@2x.png */,
				53A19C3523ED63490057FBD3 /* iTunesArtwork@3x.png */,
			);
			path = ios;
			sourceTree = "<group>";
		};
		53A19C2223ED63490057FBD3 /* AppIcon.appiconset */ = {
			isa = PBXGroup;
			children = (
				53A19C2323ED63490057FBD3 /* Icon-App-76x76@2x.png */,
				53A19C2423ED63490057FBD3 /* Icon-App-29x29@1x.png */,
				53A19C2523ED63490057FBD3 /* Icon-App-40x40@1x.png */,
				53A19C2623ED63490057FBD3 /* Icon-App-20x20@1x.png */,
				53A19C2723ED63490057FBD3 /* Icon-App-83.5x83.5@2x.png */,
				53A19C2823ED63490057FBD3 /* Icon-App-20x20@3x.png */,
				53A19C2923ED63490057FBD3 /* ItunesArtwork@2x.png */,
				53A19C2A23ED63490057FBD3 /* Contents.json */,
				53A19C2B23ED63490057FBD3 /* Icon-App-20x20@2x.png */,
				53A19C2C23ED63490057FBD3 /* Icon-App-29x29@3x.png */,
				53A19C2D23ED63490057FBD3 /* Icon-App-40x40@2x.png */,
				53A19C2E23ED63490057FBD3 /* Icon-App-60x60@3x.png */,
				53A19C2F23ED63490057FBD3 /* Icon-App-60x60@2x.png */,
				53A19C3023ED63490057FBD3 /* Icon-App-76x76@1x.png */,
				53A19C3123ED63490057FBD3 /* Icon-App-40x40@3x.png */,
				53A19C3223ED63490057FBD3 /* Icon-App-29x29@2x.png */,
			);
			path = AppIcon.appiconset;
			sourceTree = "<group>";
		};
		C0CECF544E804763EFE7A5A0 /* Frameworks */ = {
			isa = PBXGroup;
			children = (
				845CAD6E5EF3D3731464050D /* Pods_Map.framework */,
				84B79BD1A49BC097F77FC566 /* Pods_MapTests.framework */,
				DC185EC14CC4FFAC072FD931 /* Pods_MapUITests.framework */,
			);
			name = Frameworks;
			sourceTree = "<group>";
		};
		DA9035F7D3F4FEA29D0BFCB2 /* Pods */ = {
			isa = PBXGroup;
			children = (
				108860FDA6A19E5C3BA3951A /* Pods-Map.debug.xcconfig */,
				C766DFE6C3684F57085130CD /* Pods-Map.release.xcconfig */,
				648B7F882AF7DC10FC831AE6 /* Pods-MapTests.debug.xcconfig */,
				9E5103B6FCF7F36B582D82F3 /* Pods-MapTests.release.xcconfig */,
				97B3204342CC296288412F88 /* Pods-MapUITests.debug.xcconfig */,
				50608A7CD9084274A9B93C5F /* Pods-MapUITests.release.xcconfig */,
			);
			path = Pods;
			sourceTree = "<group>";
		};
/* End PBXGroup section */

/* Begin PBXNativeTarget section */
		533E78462285952600121A0F /* Map */ = {
			isa = PBXNativeTarget;
			buildConfigurationList = 533E786F2285952800121A0F /* Build configuration list for PBXNativeTarget "Map" */;
			buildPhases = (
				ECF5F43744F7D0B7DA5ABD4E /* [CP] Check Pods Manifest.lock */,
				533E78432285952600121A0F /* Sources */,
				533E78442285952600121A0F /* Frameworks */,
				533E78452285952600121A0F /* Resources */,
				80162B51DFBD3B2E4CE1C0A4 /* [CP] Embed Pods Frameworks */,
			);
			buildRules = (
			);
			dependencies = (
			);
			name = Map;
			productName = Map;
			productReference = 533E78472285952600121A0F /* Arku.app */;
			productType = "com.apple.product-type.application";
		};
		533E785A2285952800121A0F /* MapTests */ = {
			isa = PBXNativeTarget;
			buildConfigurationList = 533E78722285952800121A0F /* Build configuration list for PBXNativeTarget "MapTests" */;
			buildPhases = (
				C94DF705E34F474B2BCF8212 /* [CP] Check Pods Manifest.lock */,
				533E78572285952800121A0F /* Sources */,
				533E78582285952800121A0F /* Frameworks */,
				533E78592285952800121A0F /* Resources */,
			);
			buildRules = (
			);
			dependencies = (
				533E785D2285952800121A0F /* PBXTargetDependency */,
			);
			name = MapTests;
			productName = MapTests;
			productReference = 533E785B2285952800121A0F /* MapTests.xctest */;
			productType = "com.apple.product-type.bundle.unit-test";
		};
		533E78652285952800121A0F /* MapUITests */ = {
			isa = PBXNativeTarget;
			buildConfigurationList = 533E78752285952800121A0F /* Build configuration list for PBXNativeTarget "MapUITests" */;
			buildPhases = (
				CA76F3F36A95F894ACC17B74 /* [CP] Check Pods Manifest.lock */,
				533E78622285952800121A0F /* Sources */,
				533E78632285952800121A0F /* Frameworks */,
				533E78642285952800121A0F /* Resources */,
			);
			buildRules = (
			);
			dependencies = (
				533E78682285952800121A0F /* PBXTargetDependency */,
			);
			name = MapUITests;
			productName = MapUITests;
			productReference = 533E78662285952800121A0F /* MapUITests.xctest */;
			productType = "com.apple.product-type.bundle.ui-testing";
		};
/* End PBXNativeTarget section */

/* Begin PBXProject section */
		533E783F2285952600121A0F /* Project object */ = {
			isa = PBXProject;
			attributes = {
				LastSwiftUpdateCheck = 1020;
				LastUpgradeCheck = 1020;
				ORGANIZATIONNAME = com.litech;
				TargetAttributes = {
					533E78462285952600121A0F = {
						CreatedOnToolsVersion = 10.2.1;
					};
					533E785A2285952800121A0F = {
						CreatedOnToolsVersion = 10.2.1;
						TestTargetID = 533E78462285952600121A0F;
					};
					533E78652285952800121A0F = {
						CreatedOnToolsVersion = 10.2.1;
						TestTargetID = 533E78462285952600121A0F;
					};
				};
			};
			buildConfigurationList = 533E78422285952600121A0F /* Build configuration list for PBXProject "Map" */;
			compatibilityVersion = "Xcode 9.3";
			developmentRegion = en;
			hasScannedForEncodings = 0;
			knownRegions = (
				en,
				Base,
			);
			mainGroup = 533E783E2285952600121A0F;
			productRefGroup = 533E78482285952600121A0F /* Products */;
			projectDirPath = "";
			projectRoot = "";
			targets = (
				533E78462285952600121A0F /* Map */,
				533E785A2285952800121A0F /* MapTests */,
				533E78652285952800121A0F /* MapUITests */,
			);
		};
/* End PBXProject section */

/* Begin PBXResourcesBuildPhase section */
		533E78452285952600121A0F /* Resources */ = {
			isa = PBXResourcesBuildPhase;
			buildActionMask = 2147483647;
			files = (
				53A19C4623ED63490057FBD3 /* Icon-App-29x29@2x.png in Resources */,
				53A19C3723ED63490057FBD3 /* Icon-App-76x76@2x.png in Resources */,
				536070C022BCE4C300C6B282 /* Main.storyboard in Resources */,
				53A19C4423ED63490057FBD3 /* Icon-App-76x76@1x.png in Resources */,
				53A19C4523ED63490057FBD3 /* Icon-App-40x40@3x.png in Resources */,
				53A19C3F23ED63490057FBD3 /* Icon-App-20x20@2x.png in Resources */,
				53A19C4723ED63490057FBD3 /* README.md in Resources */,
				532C876322E356A500394BE7 /* GoogleService-Info.plist in Resources */,
				53A19C4923ED63490057FBD3 /* iTunesArtwork@3x.png in Resources */,
				533E78552285952800121A0F /* LaunchScreen.storyboard in Resources */,
				53A19C3623ED63490057FBD3 /* iTunesArtwork@1x.png in Resources */,
				53A19C4323ED63490057FBD3 /* Icon-App-60x60@2x.png in Resources */,
				53A19C4823ED63490057FBD3 /* iTunesArtwork@2x.png in Resources */,
				53A19C4123ED63490057FBD3 /* Icon-App-40x40@2x.png in Resources */,
				53A19C3E23ED63490057FBD3 /* Contents.json in Resources */,
				53A19C4223ED63490057FBD3 /* Icon-App-60x60@3x.png in Resources */,
				53A19C3D23ED63490057FBD3 /* ItunesArtwork@2x.png in Resources */,
				53A19C3923ED63490057FBD3 /* Icon-App-40x40@1x.png in Resources */,
				53CBE9DD22F3840500CA5B11 /* CustomTableViewCell.xib in Resources */,
				53A19C4023ED63490057FBD3 /* Icon-App-29x29@3x.png in Resources */,
				53A19C3C23ED63490057FBD3 /* Icon-App-20x20@3x.png in Resources */,
				533E78522285952800121A0F /* Assets.xcassets in Resources */,
				53A19C3A23ED63490057FBD3 /* Icon-App-20x20@1x.png in Resources */,
				53A19C3B23ED63490057FBD3 /* Icon-App-83.5x83.5@2x.png in Resources */,
				53A19C3823ED63490057FBD3 /* Icon-App-29x29@1x.png in Resources */,
			);
			runOnlyForDeploymentPostprocessing = 0;
		};
		533E78592285952800121A0F /* Resources */ = {
			isa = PBXResourcesBuildPhase;
			buildActionMask = 2147483647;
			files = (
			);
			runOnlyForDeploymentPostprocessing = 0;
		};
		533E78642285952800121A0F /* Resources */ = {
			isa = PBXResourcesBuildPhase;
			buildActionMask = 2147483647;
			files = (
			);
			runOnlyForDeploymentPostprocessing = 0;
		};
/* End PBXResourcesBuildPhase section */

/* Begin PBXShellScriptBuildPhase section */
		80162B51DFBD3B2E4CE1C0A4 /* [CP] Embed Pods Frameworks */ = {
			isa = PBXShellScriptBuildPhase;
			buildActionMask = 2147483647;
			files = (
			);
			inputFileListPaths = (
				"${PODS_ROOT}/Target Support Files/Pods-Map/Pods-Map-frameworks-${CONFIGURATION}-input-files.xcfilelist",
			);
			name = "[CP] Embed Pods Frameworks";
			outputFileListPaths = (
				"${PODS_ROOT}/Target Support Files/Pods-Map/Pods-Map-frameworks-${CONFIGURATION}-output-files.xcfilelist",
			);
			runOnlyForDeploymentPostprocessing = 0;
			shellPath = /bin/sh;
			shellScript = "\"${PODS_ROOT}/Target Support Files/Pods-Map/Pods-Map-frameworks.sh\"\n";
			showEnvVarsInLog = 0;
		};
		C94DF705E34F474B2BCF8212 /* [CP] Check Pods Manifest.lock */ = {
			isa = PBXShellScriptBuildPhase;
			buildActionMask = 2147483647;
			files = (
			);
			inputFileListPaths = (
			);
			inputPaths = (
				"${PODS_PODFILE_DIR_PATH}/Podfile.lock",
				"${PODS_ROOT}/Manifest.lock",
			);
			name = "[CP] Check Pods Manifest.lock";
			outputFileListPaths = (
			);
			outputPaths = (
				"$(DERIVED_FILE_DIR)/Pods-MapTests-checkManifestLockResult.txt",
			);
			runOnlyForDeploymentPostprocessing = 0;
			shellPath = /bin/sh;
			shellScript = "diff \"${PODS_PODFILE_DIR_PATH}/Podfile.lock\" \"${PODS_ROOT}/Manifest.lock\" > /dev/null\nif [ $? != 0 ] ; then\n    # print error to STDERR\n    echo \"error: The sandbox is not in sync with the Podfile.lock. Run 'pod install' or update your CocoaPods installation.\" >&2\n    exit 1\nfi\n# This output is used by Xcode 'outputs' to avoid re-running this script phase.\necho \"SUCCESS\" > \"${SCRIPT_OUTPUT_FILE_0}\"\n";
			showEnvVarsInLog = 0;
		};
		CA76F3F36A95F894ACC17B74 /* [CP] Check Pods Manifest.lock */ = {
			isa = PBXShellScriptBuildPhase;
			buildActionMask = 2147483647;
			files = (
			);
			inputFileListPaths = (
			);
			inputPaths = (
				"${PODS_PODFILE_DIR_PATH}/Podfile.lock",
				"${PODS_ROOT}/Manifest.lock",
			);
			name = "[CP] Check Pods Manifest.lock";
			outputFileListPaths = (
			);
			outputPaths = (
				"$(DERIVED_FILE_DIR)/Pods-MapUITests-checkManifestLockResult.txt",
			);
			runOnlyForDeploymentPostprocessing = 0;
			shellPath = /bin/sh;
			shellScript = "diff \"${PODS_PODFILE_DIR_PATH}/Podfile.lock\" \"${PODS_ROOT}/Manifest.lock\" > /dev/null\nif [ $? != 0 ] ; then\n    # print error to STDERR\n    echo \"error: The sandbox is not in sync with the Podfile.lock. Run 'pod install' or update your CocoaPods installation.\" >&2\n    exit 1\nfi\n# This output is used by Xcode 'outputs' to avoid re-running this script phase.\necho \"SUCCESS\" > \"${SCRIPT_OUTPUT_FILE_0}\"\n";
			showEnvVarsInLog = 0;
		};
		ECF5F43744F7D0B7DA5ABD4E /* [CP] Check Pods Manifest.lock */ = {
			isa = PBXShellScriptBuildPhase;
			buildActionMask = 2147483647;
			files = (
			);
			inputFileListPaths = (
			);
			inputPaths = (
				"${PODS_PODFILE_DIR_PATH}/Podfile.lock",
				"${PODS_ROOT}/Manifest.lock",
			);
			name = "[CP] Check Pods Manifest.lock";
			outputFileListPaths = (
			);
			outputPaths = (
				"$(DERIVED_FILE_DIR)/Pods-Map-checkManifestLockResult.txt",
			);
			runOnlyForDeploymentPostprocessing = 0;
			shellPath = /bin/sh;
			shellScript = "diff \"${PODS_PODFILE_DIR_PATH}/Podfile.lock\" \"${PODS_ROOT}/Manifest.lock\" > /dev/null\nif [ $? != 0 ] ; then\n    # print error to STDERR\n    echo \"error: The sandbox is not in sync with the Podfile.lock. Run 'pod install' or update your CocoaPods installation.\" >&2\n    exit 1\nfi\n# This output is used by Xcode 'outputs' to avoid re-running this script phase.\necho \"SUCCESS\" > \"${SCRIPT_OUTPUT_FILE_0}\"\n";
			showEnvVarsInLog = 0;
		};
/* End PBXShellScriptBuildPhase section */

/* Begin PBXSourcesBuildPhase section */
		533E78432285952600121A0F /* Sources */ = {
			isa = PBXSourcesBuildPhase;
			buildActionMask = 2147483647;
			files = (
				5327AC5B22EB854A00B6909B /* LoginViewController.swift in Sources */,
				53CBEA05230AD1D100CA5B11 /* ModalPresentationController.swift in Sources */,
				5340E7B922EB6B040062306E /* SignupViewController.swift in Sources */,
				53CBE9D522F2336B00CA5B11 /* OverCurrentTransitioningInteractor.swift in Sources */,
				5327AC5D22ECDCC400B6909B /* PWRViewController.swift in Sources */,
				5371A78E22E5F628008AD16B /* EditViewController.swift in Sources */,
				536070C222CF569400C6B282 /* Pin.swift in Sources */,
				53CBE9DC22F3840500CA5B11 /* CustomTableViewCell.swift in Sources */,
				53CBEA07230B9BD200CA5B11 /* RepViewController.swift in Sources */,
				53D7AE6C231931CB00F64E48 /* EULAViewController.swift in Sources */,
				533E784D2285952600121A0F /* ViewController.swift in Sources */,
				533E784B2285952600121A0F /* AppDelegate.swift in Sources */,
				53CBE9D722F233CF00CA5B11 /* OverCurrentTransitionable.swift in Sources */,
				536070C422CF673C00C6B282 /* ResisterViewController.swift in Sources */,
				531E7F7223A3973600599A1B /* BlockedViewController.swift in Sources */,
				53CBE9D922F233EB00CA5B11 /* SemiModalViewController.swift in Sources */,
				53D7AE6A231931BE00F64E48 /* PrivacyViewController.swift in Sources */,
				534FCFEF22F04458006B1699 /* CommentViewController.swift in Sources */,
				53CBE9DF22F495F200CA5B11 /* PhotoViewController.swift in Sources */,
			);
			runOnlyForDeploymentPostprocessing = 0;
		};
		533E78572285952800121A0F /* Sources */ = {
			isa = PBXSourcesBuildPhase;
			buildActionMask = 2147483647;
			files = (
				533E78602285952800121A0F /* MapTests.swift in Sources */,
			);
			runOnlyForDeploymentPostprocessing = 0;
		};
		533E78622285952800121A0F /* Sources */ = {
			isa = PBXSourcesBuildPhase;
			buildActionMask = 2147483647;
			files = (
				533E786B2285952800121A0F /* MapUITests.swift in Sources */,
			);
			runOnlyForDeploymentPostprocessing = 0;
		};
/* End PBXSourcesBuildPhase section */

/* Begin PBXTargetDependency section */
		533E785D2285952800121A0F /* PBXTargetDependency */ = {
			isa = PBXTargetDependency;
			target = 533E78462285952600121A0F /* Map */;
			targetProxy = 533E785C2285952800121A0F /* PBXContainerItemProxy */;
		};
		533E78682285952800121A0F /* PBXTargetDependency */ = {
			isa = PBXTargetDependency;
			target = 533E78462285952600121A0F /* Map */;
			targetProxy = 533E78672285952800121A0F /* PBXContainerItemProxy */;
		};
/* End PBXTargetDependency section */

/* Begin PBXVariantGroup section */
		533E78532285952800121A0F /* LaunchScreen.storyboard */ = {
			isa = PBXVariantGroup;
			children = (
				533E78542285952800121A0F /* Base */,
			);
			name = LaunchScreen.storyboard;
			sourceTree = "<group>";
		};
/* End PBXVariantGroup section */

/* Begin XCBuildConfiguration section */
		533E786D2285952800121A0F /* Debug */ = {
			isa = XCBuildConfiguration;
			buildSettings = {
				ALWAYS_SEARCH_USER_PATHS = NO;
				CLANG_ANALYZER_NONNULL = YES;
				CLANG_ANALYZER_NUMBER_OBJECT_CONVERSION = YES_AGGRESSIVE;
				CLANG_CXX_LANGUAGE_STANDARD = "gnu++14";
				CLANG_CXX_LIBRARY = "libc++";
				CLANG_ENABLE_MODULES = YES;
				CLANG_ENABLE_OBJC_ARC = YES;
				CLANG_ENABLE_OBJC_WEAK = YES;
				CLANG_WARN_BLOCK_CAPTURE_AUTORELEASING = YES;
				CLANG_WARN_BOOL_CONVERSION = YES;
				CLANG_WARN_COMMA = YES;
				CLANG_WARN_CONSTANT_CONVERSION = YES;
				CLANG_WARN_DEPRECATED_OBJC_IMPLEMENTATIONS = YES;
				CLANG_WARN_DIRECT_OBJC_ISA_USAGE = YES_ERROR;
				CLANG_WARN_DOCUMENTATION_COMMENTS = YES;
				CLANG_WARN_EMPTY_BODY = YES;
				CLANG_WARN_ENUM_CONVERSION = YES;
				CLANG_WARN_INFINITE_RECURSION = YES;
				CLANG_WARN_INT_CONVERSION = YES;
				CLANG_WARN_NON_LITERAL_NULL_CONVERSION = YES;
				CLANG_WARN_OBJC_IMPLICIT_RETAIN_SELF = YES;
				CLANG_WARN_OBJC_LITERAL_CONVERSION = YES;
				CLANG_WARN_OBJC_ROOT_CLASS = YES_ERROR;
				CLANG_WARN_RANGE_LOOP_ANALYSIS = YES;
				CLANG_WARN_STRICT_PROTOTYPES = YES;
				CLANG_WARN_SUSPICIOUS_MOVE = YES;
				CLANG_WARN_UNGUARDED_AVAILABILITY = YES_AGGRESSIVE;
				CLANG_WARN_UNREACHABLE_CODE = YES;
				CLANG_WARN__DUPLICATE_METHOD_MATCH = YES;
				CODE_SIGN_IDENTITY = "iPhone Developer";
				COPY_PHASE_STRIP = NO;
				DEBUG_INFORMATION_FORMAT = dwarf;
				ENABLE_STRICT_OBJC_MSGSEND = YES;
				ENABLE_TESTABILITY = YES;
				GCC_C_LANGUAGE_STANDARD = gnu11;
				GCC_DYNAMIC_NO_PIC = NO;
				GCC_NO_COMMON_BLOCKS = YES;
				GCC_OPTIMIZATION_LEVEL = 0;
				GCC_PREPROCESSOR_DEFINITIONS = (
					"DEBUG=1",
					"$(inherited)",
				);
				GCC_WARN_64_TO_32_BIT_CONVERSION = YES;
				GCC_WARN_ABOUT_RETURN_TYPE = YES_ERROR;
				GCC_WARN_UNDECLARED_SELECTOR = YES;
				GCC_WARN_UNINITIALIZED_AUTOS = YES_AGGRESSIVE;
				GCC_WARN_UNUSED_FUNCTION = YES;
				GCC_WARN_UNUSED_VARIABLE = YES;
				IPHONEOS_DEPLOYMENT_TARGET = 12.2;
				MTL_ENABLE_DEBUG_INFO = INCLUDE_SOURCE;
				MTL_FAST_MATH = YES;
				ONLY_ACTIVE_ARCH = YES;
				SDKROOT = iphoneos;
				SWIFT_ACTIVE_COMPILATION_CONDITIONS = DEBUG;
				SWIFT_OPTIMIZATION_LEVEL = "-Onone";
			};
			name = Debug;
		};
		533E786E2285952800121A0F /* Release */ = {
			isa = XCBuildConfiguration;
			buildSettings = {
				ALWAYS_SEARCH_USER_PATHS = NO;
				CLANG_ANALYZER_NONNULL = YES;
				CLANG_ANALYZER_NUMBER_OBJECT_CONVERSION = YES_AGGRESSIVE;
				CLANG_CXX_LANGUAGE_STANDARD = "gnu++14";
				CLANG_CXX_LIBRARY = "libc++";
				CLANG_ENABLE_MODULES = YES;
				CLANG_ENABLE_OBJC_ARC = YES;
				CLANG_ENABLE_OBJC_WEAK = YES;
				CLANG_WARN_BLOCK_CAPTURE_AUTORELEASING = YES;
				CLANG_WARN_BOOL_CONVERSION = YES;
				CLANG_WARN_COMMA = YES;
				CLANG_WARN_CONSTANT_CONVERSION = YES;
				CLANG_WARN_DEPRECATED_OBJC_IMPLEMENTATIONS = YES;
				CLANG_WARN_DIRECT_OBJC_ISA_USAGE = YES_ERROR;
				CLANG_WARN_DOCUMENTATION_COMMENTS = YES;
				CLANG_WARN_EMPTY_BODY = YES;
				CLANG_WARN_ENUM_CONVERSION = YES;
				CLANG_WARN_INFINITE_RECURSION = YES;
				CLANG_WARN_INT_CONVERSION = YES;
				CLANG_WARN_NON_LITERAL_NULL_CONVERSION = YES;
				CLANG_WARN_OBJC_IMPLICIT_RETAIN_SELF = YES;
				CLANG_WARN_OBJC_LITERAL_CONVERSION = YES;
				CLANG_WARN_OBJC_ROOT_CLASS = YES_ERROR;
				CLANG_WARN_RANGE_LOOP_ANALYSIS = YES;
				CLANG_WARN_STRICT_PROTOTYPES = YES;
				CLANG_WARN_SUSPICIOUS_MOVE = YES;
				CLANG_WARN_UNGUARDED_AVAILABILITY = YES_AGGRESSIVE;
				CLANG_WARN_UNREACHABLE_CODE = YES;
				CLANG_WARN__DUPLICATE_METHOD_MATCH = YES;
				CODE_SIGN_IDENTITY = "iPhone Developer";
				COPY_PHASE_STRIP = NO;
				DEBUG_INFORMATION_FORMAT = "dwarf-with-dsym";
				ENABLE_NS_ASSERTIONS = NO;
				ENABLE_STRICT_OBJC_MSGSEND = YES;
				GCC_C_LANGUAGE_STANDARD = gnu11;
				GCC_NO_COMMON_BLOCKS = YES;
				GCC_WARN_64_TO_32_BIT_CONVERSION = YES;
				GCC_WARN_ABOUT_RETURN_TYPE = YES_ERROR;
				GCC_WARN_UNDECLARED_SELECTOR = YES;
				GCC_WARN_UNINITIALIZED_AUTOS = YES_AGGRESSIVE;
				GCC_WARN_UNUSED_FUNCTION = YES;
				GCC_WARN_UNUSED_VARIABLE = YES;
				IPHONEOS_DEPLOYMENT_TARGET = 12.2;
				MTL_ENABLE_DEBUG_INFO = NO;
				MTL_FAST_MATH = YES;
				SDKROOT = iphoneos;
				SWIFT_COMPILATION_MODE = wholemodule;
				SWIFT_OPTIMIZATION_LEVEL = "-O";
				VALIDATE_PRODUCT = YES;
			};
			name = Release;
		};
		533E78702285952800121A0F /* Debug */ = {
			isa = XCBuildConfiguration;
			baseConfigurationReference = 108860FDA6A19E5C3BA3951A /* Pods-Map.debug.xcconfig */;
			buildSettings = {
				ASSETCATALOG_COMPILER_APPICON_NAME = AppIcon;
				CODE_SIGN_STYLE = Automatic;
				CURRENT_PROJECT_VERSION = 5;
				DEVELOPMENT_TEAM = 45U8XALYW7;
				INFOPLIST_FILE = Map/Info.plist;
				IPHONEOS_DEPLOYMENT_TARGET = 11.0;
				LD_RUNPATH_SEARCH_PATHS = (
					"$(inherited)",
					"@executable_path/Frameworks",
				);
				MARKETING_VERSION = 1.0;
				PRODUCT_BUNDLE_IDENTIFIER = com.pinmap.ac;
				PRODUCT_NAME = Arku;
				SWIFT_VERSION = 5.0;
				TARGETED_DEVICE_FAMILY = 1;
			};
			name = Debug;
		};
		533E78712285952800121A0F /* Release */ = {
			isa = XCBuildConfiguration;
			baseConfigurationReference = C766DFE6C3684F57085130CD /* Pods-Map.release.xcconfig */;
			buildSettings = {
				ASSETCATALOG_COMPILER_APPICON_NAME = AppIcon;
				CODE_SIGN_STYLE = Automatic;
				CURRENT_PROJECT_VERSION = 5;
				DEVELOPMENT_TEAM = 45U8XALYW7;
				INFOPLIST_FILE = Map/Info.plist;
				IPHONEOS_DEPLOYMENT_TARGET = 11.0;
				LD_RUNPATH_SEARCH_PATHS = (
					"$(inherited)",
					"@executable_path/Frameworks",
				);
				MARKETING_VERSION = 1.0;
				PRODUCT_BUNDLE_IDENTIFIER = com.pinmap.ac;
				PRODUCT_NAME = Arku;
				SWIFT_VERSION = 5.0;
				TARGETED_DEVICE_FAMILY = 1;
			};
			name = Release;
		};
		533E78732285952800121A0F /* Debug */ = {
			isa = XCBuildConfiguration;
			baseConfigurationReference = 648B7F882AF7DC10FC831AE6 /* Pods-MapTests.debug.xcconfig */;
			buildSettings = {
				ALWAYS_EMBED_SWIFT_STANDARD_LIBRARIES = YES;
				BUNDLE_LOADER = "$(TEST_HOST)";
				CODE_SIGN_STYLE = Automatic;
				DEVELOPMENT_TEAM = XJ6K9Z9DL9;
				INFOPLIST_FILE = MapTests/Info.plist;
				LD_RUNPATH_SEARCH_PATHS = (
					"$(inherited)",
					"@executable_path/Frameworks",
					"@loader_path/Frameworks",
				);
				PRODUCT_BUNDLE_IDENTIFIER = com.litech.MapTests;
				PRODUCT_NAME = "$(TARGET_NAME)";
				SWIFT_VERSION = 5.0;
				TARGETED_DEVICE_FAMILY = "1,2";
				TEST_HOST = "$(BUILT_PRODUCTS_DIR)/Map.app/Map";
			};
			name = Debug;
		};
		533E78742285952800121A0F /* Release */ = {
			isa = XCBuildConfiguration;
			baseConfigurationReference = 9E5103B6FCF7F36B582D82F3 /* Pods-MapTests.release.xcconfig */;
			buildSettings = {
				ALWAYS_EMBED_SWIFT_STANDARD_LIBRARIES = YES;
				BUNDLE_LOADER = "$(TEST_HOST)";
				CODE_SIGN_STYLE = Automatic;
				DEVELOPMENT_TEAM = XJ6K9Z9DL9;
				INFOPLIST_FILE = MapTests/Info.plist;
				LD_RUNPATH_SEARCH_PATHS = (
					"$(inherited)",
					"@executable_path/Frameworks",
					"@loader_path/Frameworks",
				);
				PRODUCT_BUNDLE_IDENTIFIER = com.litech.MapTests;
				PRODUCT_NAME = "$(TARGET_NAME)";
				SWIFT_VERSION = 5.0;
				TARGETED_DEVICE_FAMILY = "1,2";
				TEST_HOST = "$(BUILT_PRODUCTS_DIR)/Map.app/Map";
			};
			name = Release;
		};
		533E78762285952800121A0F /* Debug */ = {
			isa = XCBuildConfiguration;
			baseConfigurationReference = 97B3204342CC296288412F88 /* Pods-MapUITests.debug.xcconfig */;
			buildSettings = {
				ALWAYS_EMBED_SWIFT_STANDARD_LIBRARIES = YES;
				CODE_SIGN_STYLE = Automatic;
				DEVELOPMENT_TEAM = XJ6K9Z9DL9;
				INFOPLIST_FILE = MapUITests/Info.plist;
				LD_RUNPATH_SEARCH_PATHS = (
					"$(inherited)",
					"@executable_path/Frameworks",
					"@loader_path/Frameworks",
				);
				PRODUCT_BUNDLE_IDENTIFIER = com.litech.MapUITests;
				PRODUCT_NAME = "$(TARGET_NAME)";
				SWIFT_VERSION = 5.0;
				TARGETED_DEVICE_FAMILY = "1,2";
				TEST_TARGET_NAME = Map;
			};
			name = Debug;
		};
		533E78772285952800121A0F /* Release */ = {
			isa = XCBuildConfiguration;
			baseConfigurationReference = 50608A7CD9084274A9B93C5F /* Pods-MapUITests.release.xcconfig */;
			buildSettings = {
				ALWAYS_EMBED_SWIFT_STANDARD_LIBRARIES = YES;
				CODE_SIGN_STYLE = Automatic;
				DEVELOPMENT_TEAM = XJ6K9Z9DL9;
				INFOPLIST_FILE = MapUITests/Info.plist;
				LD_RUNPATH_SEARCH_PATHS = (
					"$(inherited)",
					"@executable_path/Frameworks",
					"@loader_path/Frameworks",
				);
				PRODUCT_BUNDLE_IDENTIFIER = com.litech.MapUITests;
				PRODUCT_NAME = "$(TARGET_NAME)";
				SWIFT_VERSION = 5.0;
				TARGETED_DEVICE_FAMILY = "1,2";
				TEST_TARGET_NAME = Map;
			};
			name = Release;
		};
/* End XCBuildConfiguration section */

/* Begin XCConfigurationList section */
		533E78422285952600121A0F /* Build configuration list for PBXProject "Map" */ = {
			isa = XCConfigurationList;
			buildConfigurations = (
				533E786D2285952800121A0F /* Debug */,
				533E786E2285952800121A0F /* Release */,
			);
			defaultConfigurationIsVisible = 0;
			defaultConfigurationName = Release;
		};
		533E786F2285952800121A0F /* Build configuration list for PBXNativeTarget "Map" */ = {
			isa = XCConfigurationList;
			buildConfigurations = (
				533E78702285952800121A0F /* Debug */,
				533E78712285952800121A0F /* Release */,
			);
			defaultConfigurationIsVisible = 0;
			defaultConfigurationName = Release;
		};
		533E78722285952800121A0F /* Build configuration list for PBXNativeTarget "MapTests" */ = {
			isa = XCConfigurationList;
			buildConfigurations = (
				533E78732285952800121A0F /* Debug */,
				533E78742285952800121A0F /* Release */,
			);
			defaultConfigurationIsVisible = 0;
			defaultConfigurationName = Release;
		};
		533E78752285952800121A0F /* Build configuration list for PBXNativeTarget "MapUITests" */ = {
			isa = XCConfigurationList;
			buildConfigurations = (
				533E78762285952800121A0F /* Debug */,
				533E78772285952800121A0F /* Release */,
			);
			defaultConfigurationIsVisible = 0;
			defaultConfigurationName = Release;
		};
/* End XCConfigurationList section */
	};
	rootObject = 533E783F2285952600121A0F /* Project object */;
}
